
Microsoft Visual Studio Solution File, Format Version 12.00
# Visual Studio Version 16
VisualStudioVersion = 16.0.810.6
MinimumVisualStudioVersion = 10.0.40219.1
Project("{FAE04EC0-301F-11D3-BF4B-00C04F79EFBC}") = "CSharpFundas", "CSharpFundas\CSharpFundas.csproj", "{AFB80974-A7B0-4374-BA8D-214468A77D51}"
EndProject
Project("{FAE04EC0-301F-11D3-BF4B-00C04F79EFBC}") = "SeleniumLearning", "SeleniumLearning\SeleniumLearning.csproj", "{2F3CBE85-6D3B-47B6-AE87-0D8CB6D129E0}"
EndProject
Project("{FAE04EC0-301F-11D3-BF4B-00C04F79EFBC}") = "CSharpSelFramework", "CSharpSelFramework\CSharpSelFramework.csproj", "{67644ADF-C18C-463C-83C2-5C8EA425283F}"
EndProject
Global
	GlobalSection(SolutionConfigurationPlatforms) = preSolution
		Debug|Any CPU = Debug|Any CPU
		Release|Any CPU = Release|Any CPU
	EndGlobalSection
	GlobalSection(ProjectConfigurationPlatforms) = postSolution
		{AFB80974-A7B0-4374-BA8D-214468A77D51}.Debug|Any CPU.ActiveCfg = Debug|Any CPU
		{AFB80974-A7B0-4374-BA8D-214468A77D51}.Debug|Any CPU.Build.0 = Debug|Any CPU
		{AFB80974-A7B0-4374-BA8D-214468A77D51}.Release|Any CPU.ActiveCfg = Release|Any CPU
		{AFB80974-A7B0-4374-BA8D-214468A77D51}.Release|Any CPU.Build.0 = Release|Any CPU
		{2F3CBE85-6D3B-47B6-AE87-0D8CB6D129E0}.Debug|Any CPU.ActiveCfg = Debug|Any CPU
		{2F3CBE85-6D3B-47B6-AE87-0D8CB6D129E0}.Debug|Any CPU.Build.0 = Debug|Any CPU
		{2F3CBE85-6D3B-47B6-AE87-0D8CB6D129E0}.Release|Any CPU.ActiveCfg = Release|Any CPU
		{2F3CBE85-6D3B-47B6-AE87-0D8CB6D129E0}.Release|Any CPU.Build.0 = Release|Any CPU
		{67644ADF-C18C-463C-83C2-5C8EA425283F}.Debug|Any CPU.ActiveCfg = Debug|Any CPU
		{67644ADF-C18C-463C-83C2-5C8EA425283F}.Debug|Any CPU.Build.0 = Debug|Any CPU
		{67644ADF-C18C-463C-83C2-5C8EA425283F}.Release|Any CPU.ActiveCfg = Release|Any CPU
		{67644ADF-C18C-463C-83C2-5C8EA425283F}.Release|Any CPU.Build.0 = Release|Any CPU
	EndGlobalSection
	GlobalSection(SolutionProperties) = preSolution
		HideSolutionNode = FALSE
	EndGlobalSection
	GlobalSection(ExtensibilityGlobals) = postSolution
		SolutionGuid = {38217EAC-5F40-48E2-9100-394A69177E4D}
	EndGlobalSection
EndGlobal
